// !$*UTF8*$!
{
	archiveVersion = 1;
	classes = {
	};
	objectVersion = 50;
	objects = {

/* Begin PBXBuildFile section */
		184D6DEA2403B716004AD0AB /* AppDelegate.swift in Sources */ = {isa = PBXBuildFile; fileRef = 184D6DE92403B716004AD0AB /* AppDelegate.swift */; };
		184D6DEC2403B716004AD0AB /* SceneDelegate.swift in Sources */ = {isa = PBXBuildFile; fileRef = 184D6DEB2403B716004AD0AB /* SceneDelegate.swift */; };
		184D6DEE2403B716004AD0AB /* ViewController.swift in Sources */ = {isa = PBXBuildFile; fileRef = 184D6DED2403B716004AD0AB /* ViewController.swift */; };
		184D6DF12403B717004AD0AB /* Main.storyboard in Resources */ = {isa = PBXBuildFile; fileRef = 184D6DEF2403B717004AD0AB /* Main.storyboard */; };
		184D6DF32403B71C004AD0AB /* Assets.xcassets in Resources */ = {isa = PBXBuildFile; fileRef = 184D6DF22403B71C004AD0AB /* Assets.xcassets */; };
		184D6DF62403B71C004AD0AB /* LaunchScreen.storyboard in Resources */ = {isa = PBXBuildFile; fileRef = 184D6DF42403B71C004AD0AB /* LaunchScreen.storyboard */; };
		184FA4FE2404EE3000C1883D /* MenuController.swift in Sources */ = {isa = PBXBuildFile; fileRef = 184FA4FD2404EE3000C1883D /* MenuController.swift */; };
		1855544F2407595B003D0F27 /* SoundWave.swift in Sources */ = {isa = PBXBuildFile; fileRef = 1855544E2407595B003D0F27 /* SoundWave.swift */; };
/* End PBXBuildFile section */

/* Begin PBXFileReference section */
		184D6DE62403B716004AD0AB /* GraphicalBinauralMaker.app */ = {isa = PBXFileReference; explicitFileType = wrapper.application; includeInIndex = 0; path = GraphicalBinauralMaker.app; sourceTree = BUILT_PRODUCTS_DIR; };
		184D6DE92403B716004AD0AB /* AppDelegate.swift */ = {isa = PBXFileReference; lastKnownFileType = sourcecode.swift; path = AppDelegate.swift; sourceTree = "<group>"; };
		184D6DEB2403B716004AD0AB /* SceneDelegate.swift */ = {isa = PBXFileReference; lastKnownFileType = sourcecode.swift; path = SceneDelegate.swift; sourceTree = "<group>"; };
		184D6DED2403B716004AD0AB /* ViewController.swift */ = {isa = PBXFileReference; lastKnownFileType = sourcecode.swift; path = ViewController.swift; sourceTree = "<group>"; };
		184D6DF02403B717004AD0AB /* Base */ = {isa = PBXFileReference; lastKnownFileType = file.storyboard; name = Base; path = Base.lproj/Main.storyboard; sourceTree = "<group>"; };
		184D6DF22403B71C004AD0AB /* Assets.xcassets */ = {isa = PBXFileReference; lastKnownFileType = folder.assetcatalog; path = Assets.xcassets; sourceTree = "<group>"; };
		184D6DF52403B71C004AD0AB /* Base */ = {isa = PBXFileReference; lastKnownFileType = file.storyboard; name = Base; path = Base.lproj/LaunchScreen.storyboard; sourceTree = "<group>"; };
		184D6DF72403B71C004AD0AB /* Info.plist */ = {isa = PBXFileReference; lastKnownFileType = text.plist.xml; path = Info.plist; sourceTree = "<group>"; };
		184FA4FD2404EE3000C1883D /* MenuController.swift */ = {isa = PBXFileReference; lastKnownFileType = sourcecode.swift; path = MenuController.swift; sourceTree = "<group>"; };
		1855544E2407595B003D0F27 /* SoundWave.swift */ = {isa = PBXFileReference; lastKnownFileType = sourcecode.swift; path = SoundWave.swift; sourceTree = "<group>"; };
/* End PBXFileReference section */

/* Begin PBXFrameworksBuildPhase section */
		184D6DE32403B716004AD0AB /* Frameworks */ = {
			isa = PBXFrameworksBuildPhase;
			buildActionMask = 2147483647;
			files = (
			);
			runOnlyForDeploymentPostprocessing = 0;
		};
/* End PBXFrameworksBuildPhase section */

/* Begin PBXGroup section */
		184D6DDD2403B716004AD0AB = {
			isa = PBXGroup;
			children = (
				184D6DE82403B716004AD0AB /* GraphicalBinauralMaker */,
				184D6DE72403B716004AD0AB /* Products */,
			);
			sourceTree = "<group>";
		};
		184D6DE72403B716004AD0AB /* Products */ = {
			isa = PBXGroup;
			children = (
				184D6DE62403B716004AD0AB /* GraphicalBinauralMaker.app */,
			);
			name = Products;
			sourceTree = "<group>";
		};
		184D6DE82403B716004AD0AB /* GraphicalBinauralMaker */ = {
			isa = PBXGroup;
			children = (
				184D6DE92403B716004AD0AB /* AppDelegate.swift */,
				184D6DEB2403B716004AD0AB /* SceneDelegate.swift */,
				184D6DED2403B716004AD0AB /* ViewController.swift */,
				184FA4FD2404EE3000C1883D /* MenuController.swift */,
				1855544E2407595B003D0F27 /* SoundWave.swift */,
				184D6DEF2403B717004AD0AB /* Main.storyboard */,
				184D6DF22403B71C004AD0AB /* Assets.xcassets */,
				184D6DF42403B71C004AD0AB /* LaunchScreen.storyboard */,
				184D6DF72403B71C004AD0AB /* Info.plist */,
			);
			path = GraphicalBinauralMaker;
			sourceTree = "<group>";
		};
/* End PBXGroup section */

/* Begin PBXNativeTarget section */
		184D6DE52403B716004AD0AB /* GraphicalBinauralMaker */ = {
			isa = PBXNativeTarget;
			buildConfigurationList = 184D6DFA2403B71C004AD0AB /* Build configuration list for PBXNativeTarget "GraphicalBinauralMaker" */;
			buildPhases = (
				184D6DE22403B716004AD0AB /* Sources */,
				184D6DE32403B716004AD0AB /* Frameworks */,
				184D6DE42403B716004AD0AB /* Resources */,
			);
			buildRules = (
			);
			dependencies = (
			);
			name = GraphicalBinauralMaker;
			productName = GraphicalBinauralMaker;
			productReference = 184D6DE62403B716004AD0AB /* GraphicalBinauralMaker.app */;
			productType = "com.apple.product-type.application";
		};
/* End PBXNativeTarget section */

/* Begin PBXProject section */
		184D6DDE2403B716004AD0AB /* Project object */ = {
			isa = PBXProject;
			attributes = {
				LastSwiftUpdateCheck = 1110;
				LastUpgradeCheck = 1110;
				ORGANIZATIONNAME = yo.sato;
				TargetAttributes = {
					184D6DE52403B716004AD0AB = {
						CreatedOnToolsVersion = 11.1;
					};
				};
			};
			buildConfigurationList = 184D6DE12403B716004AD0AB /* Build configuration list for PBXProject "GraphicalBinauralMaker" */;
			compatibilityVersion = "Xcode 9.3";
			developmentRegion = en;
			hasScannedForEncodings = 0;
			knownRegions = (
				en,
				Base,
			);
			mainGroup = 184D6DDD2403B716004AD0AB;
			productRefGroup = 184D6DE72403B716004AD0AB /* Products */;
			projectDirPath = "";
			projectRoot = "";
			targets = (
				184D6DE52403B716004AD0AB /* GraphicalBinauralMaker */,
			);
		};
/* End PBXProject section */

/* Begin PBXResourcesBuildPhase section */
		184D6DE42403B716004AD0AB /* Resources */ = {
			isa = PBXResourcesBuildPhase;
			buildActionMask = 2147483647;
			files = (
				184D6DF62403B71C004AD0AB /* LaunchScreen.storyboard in Resources */,
				184D6DF32403B71C004AD0AB /* Assets.xcassets in Resources */,
				184D6DF12403B717004AD0AB /* Main.storyboard in Resources */,
			);
			runOnlyForDeploymentPostprocessing = 0;
		};
/* End PBXResourcesBuildPhase section */

/* Begin PBXSourcesBuildPhase section */
		184D6DE22403B716004AD0AB /* Sources */ = {
			isa = PBXSourcesBuildPhase;
			buildActionMask = 2147483647;
			files = (
				1855544F2407595B003D0F27 /* SoundWave.swift in Sources */,
				184FA4FE2404EE3000C1883D /* MenuController.swift in Sources */,
				184D6DEE2403B716004AD0AB /* ViewController.swift in Sources */,
				184D6DEA2403B716004AD0AB /* AppDelegate.swift in Sources */,
				184D6DEC2403B716004AD0AB /* SceneDelegate.swift in Sources */,
			);
			runOnlyForDeploymentPostprocessing = 0;
		};
/* End PBXSourcesBuildPhase section */

/* Begin PBXVariantGroup section */
		184D6DEF2403B717004AD0AB /* Main.storyboard */ = {
			isa = PBXVariantGroup;
			children = (
				184D6DF02403B717004AD0AB /* Base */,
			);
			name = Main.storyboard;
			sourceTree = "<group>";
		};
		184D6DF42403B71C004AD0AB /* LaunchScreen.storyboard */ = {
			isa = PBXVariantGroup;
			children = (
				184D6DF52403B71C004AD0AB /* Base */,
			);
			name = LaunchScreen.storyboard;
			sourceTree = "<group>";
		};
/* End PBXVariantGroup section */

/* Begin XCBuildConfiguration section */
		184D6DF82403B71C004AD0AB /* Debug */ = {
			isa = XCBuildConfiguration;
			buildSettings = {
				ALWAYS_SEARCH_USER_PATHS = NO;
				CLANG_ANALYZER_NONNULL = YES;
				CLANG_ANALYZER_NUMBER_OBJECT_CONVERSION = YES_AGGRESSIVE;
				CLANG_CXX_LANGUAGE_STANDARD = "gnu++14";
				CLANG_CXX_LIBRARY = "libc++";
				CLANG_ENABLE_MODULES = YES;
				CLANG_ENABLE_OBJC_ARC = YES;
				CLANG_ENABLE_OBJC_WEAK = YES;
				CLANG_WARN_BLOCK_CAPTURE_AUTORELEASING = YES;
				CLANG_WARN_BOOL_CONVERSION = YES;
				CLANG_WARN_COMMA = YES;
				CLANG_WARN_CONSTANT_CONVERSION = YES;
				CLANG_WARN_DEPRECATED_OBJC_IMPLEMENTATIONS = YES;
				CLANG_WARN_DIRECT_OBJC_ISA_USAGE = YES_ERROR;
				CLANG_WARN_DOCUMENTATION_COMMENTS = YES;
				CLANG_WARN_EMPTY_BODY = YES;
				CLANG_WARN_ENUM_CONVERSION = YES;
				CLANG_WARN_INFINITE_RECURSION = YES;
				CLANG_WARN_INT_CONVERSION = YES;
				CLANG_WARN_NON_LITERAL_NULL_CONVERSION = YES;
				CLANG_WARN_OBJC_IMPLICIT_RETAIN_SELF = YES;
				CLANG_WARN_OBJC_LITERAL_CONVERSION = YES;
				CLANG_WARN_OBJC_ROOT_CLASS = YES_ERROR;
				CLANG_WARN_RANGE_LOOP_ANALYSIS = YES;
				CLANG_WARN_STRICT_PROTOTYPES = YES;
				CLANG_WARN_SUSPICIOUS_MOVE = YES;
				CLANG_WARN_UNGUARDED_AVAILABILITY = YES_AGGRESSIVE;
				CLANG_WARN_UNREACHABLE_CODE = YES;
				CLANG_WARN__DUPLICATE_METHOD_MATCH = YES;
				COPY_PHASE_STRIP = NO;
				DEBUG_INFORMATION_FORMAT = dwarf;
				ENABLE_STRICT_OBJC_MSGSEND = YES;
				ENABLE_TESTABILITY = YES;
				GCC_C_LANGUAGE_STANDARD = gnu11;
				GCC_DYNAMIC_NO_PIC = NO;
				GCC_NO_COMMON_BLOCKS = YES;
				GCC_OPTIMIZATION_LEVEL = 0;
				GCC_PREPROCESSOR_DEFINITIONS = (
					"DEBUG=1",
					"$(inherited)",
				);
				GCC_WARN_64_TO_32_BIT_CONVERSION = YES;
				GCC_WARN_ABOUT_RETURN_TYPE = YES_ERROR;
				GCC_WARN_UNDECLARED_SELECTOR = YES;
				GCC_WARN_UNINITIALIZED_AUTOS = YES_AGGRESSIVE;
				GCC_WARN_UNUSED_FUNCTION = YES;
				GCC_WARN_UNUSED_VARIABLE = YES;
				IPHONEOS_DEPLOYMENT_TARGET = 13.1;
				MTL_ENABLE_DEBUG_INFO = INCLUDE_SOURCE;
				MTL_FAST_MATH = YES;
				ONLY_ACTIVE_ARCH = YES;
				SDKROOT = iphoneos;
				SWIFT_ACTIVE_COMPILATION_CONDITIONS = DEBUG;
				SWIFT_OPTIMIZATION_LEVEL = "-Onone";
			};
			name = Debug;
		};
		184D6DF92403B71C004AD0AB /* Release */ = {
			isa = XCBuildConfiguration;
			buildSettings = {
				ALWAYS_SEARCH_USER_PATHS = NO;
				CLANG_ANALYZER_NONNULL = YES;
				CLANG_ANALYZER_NUMBER_OBJECT_CONVERSION = YES_AGGRESSIVE;
				CLANG_CXX_LANGUAGE_STANDARD = "gnu++14";
				CLANG_CXX_LIBRARY = "libc++";
				CLANG_ENABLE_MODULES = YES;
				CLANG_ENABLE_OBJC_ARC = YES;
				CLANG_ENABLE_OBJC_WEAK = YES;
				CLANG_WARN_BLOCK_CAPTURE_AUTORELEASING = YES;
				CLANG_WARN_BOOL_CONVERSION = YES;
				CLANG_WARN_COMMA = YES;
				CLANG_WARN_CONSTANT_CONVERSION = YES;
				CLANG_WARN_DEPRECATED_OBJC_IMPLEMENTATIONS = YES;
				CLANG_WARN_DIRECT_OBJC_ISA_USAGE = YES_ERROR;
				CLANG_WARN_DOCUMENTATION_COMMENTS = YES;
				CLANG_WARN_EMPTY_BODY = YES;
				CLANG_WARN_ENUM_CONVERSION = YES;
				CLANG_WARN_INFINITE_RECURSION = YES;
				CLANG_WARN_INT_CONVERSION = YES;
				CLANG_WARN_NON_LITERAL_NULL_CONVERSION = YES;
				CLANG_WARN_OBJC_IMPLICIT_RETAIN_SELF = YES;
				CLANG_WARN_OBJC_LITERAL_CONVERSION = YES;
				CLANG_WARN_OBJC_ROOT_CLASS = YES_ERROR;
				CLANG_WARN_RANGE_LOOP_ANALYSIS = YES;
				CLANG_WARN_STRICT_PROTOTYPES = YES;
				CLANG_WARN_SUSPICIOUS_MOVE = YES;
				CLANG_WARN_UNGUARDED_AVAILABILITY = YES_AGGRESSIVE;
				CLANG_WARN_UNREACHABLE_CODE = YES;
				CLANG_WARN__DUPLICATE_METHOD_MATCH = YES;
				COPY_PHASE_STRIP = NO;
				DEBUG_INFORMATION_FORMAT = "dwarf-with-dsym";
				ENABLE_NS_ASSERTIONS = NO;
				ENABLE_STRICT_OBJC_MSGSEND = YES;
				GCC_C_LANGUAGE_STANDARD = gnu11;
				GCC_NO_COMMON_BLOCKS = YES;
				GCC_WARN_64_TO_32_BIT_CONVERSION = YES;
				GCC_WARN_ABOUT_RETURN_TYPE = YES_ERROR;
				GCC_WARN_UNDECLARED_SELECTOR = YES;
				GCC_WARN_UNINITIALIZED_AUTOS = YES_AGGRESSIVE;
				GCC_WARN_UNUSED_FUNCTION = YES;
				GCC_WARN_UNUSED_VARIABLE = YES;
				IPHONEOS_DEPLOYMENT_TARGET = 13.1;
				MTL_ENABLE_DEBUG_INFO = NO;
				MTL_FAST_MATH = YES;
				SDKROOT = iphoneos;
				SWIFT_COMPILATION_MODE = wholemodule;
				SWIFT_OPTIMIZATION_LEVEL = "-O";
				VALIDATE_PRODUCT = YES;
			};
			name = Release;
		};
		184D6DFB2403B71C004AD0AB /* Debug */ = {
			isa = XCBuildConfiguration;
			buildSettings = {
				ASSETCATALOG_COMPILER_APPICON_NAME = AppIcon;
				CODE_SIGN_STYLE = Automatic;
				DEVELOPMENT_TEAM = L73PW6959M;
				INFOPLIST_FILE = GraphicalBinauralMaker/Info.plist;
				LD_RUNPATH_SEARCH_PATHS = (
					"$(inherited)",
					"@executable_path/Frameworks",
				);
				PRODUCT_BUNDLE_IDENTIFIER = jp.raimusoft.raimu.sato.GraphicalBinauralMaker;
				PRODUCT_NAME = "$(TARGET_NAME)";
				SWIFT_VERSION = 5.0;
				TARGETED_DEVICE_FAMILY = 1;
			};
			name = Debug;
		};
		184D6DFC2403B71C004AD0AB /* Release */ = {
			isa = XCBuildConfiguration;
			buildSettings = {
				ASSETCATALOG_COMPILER_APPICON_NAME = AppIcon;
				CODE_SIGN_STYLE = Automatic;
				DEVELOPMENT_TEAM = L73PW6959M;
				INFOPLIST_FILE = GraphicalBinauralMaker/Info.plist;
				LD_RUNPATH_SEARCH_PATHS = (
					"$(inherited)",
					"@executable_path/Frameworks",
				);
				PRODUCT_BUNDLE_IDENTIFIER = jp.raimusoft.raimu.sato.GraphicalBinauralMaker;
				PRODUCT_NAME = "$(TARGET_NAME)";
				SWIFT_VERSION = 5.0;
				TARGETED_DEVICE_FAMILY = 1;
			};
			name = Release;
		};
/* End XCBuildConfiguration section */

/* Begin XCConfigurationList section */
		184D6DE12403B716004AD0AB /* Build configuration list for PBXProject "GraphicalBinauralMaker" */ = {
			isa = XCConfigurationList;
			buildConfigurations = (
				184D6DF82403B71C004AD0AB /* Debug */,
				184D6DF92403B71C004AD0AB /* Release */,
			);
			defaultConfigurationIsVisible = 0;
			defaultConfigurationName = Release;
		};
		184D6DFA2403B71C004AD0AB /* Build configuration list for PBXNativeTarget "GraphicalBinauralMaker" */ = {
			isa = XCConfigurationList;
			buildConfigurations = (
				184D6DFB2403B71C004AD0AB /* Debug */,
				184D6DFC2403B71C004AD0AB /* Release */,
			);
			defaultConfigurationIsVisible = 0;
			defaultConfigurationName = Release;
		};
/* End XCConfigurationList section */
	};
	rootObject = 184D6DDE2403B716004AD0AB /* Project object */;
}
